{
  "name": "mail_service",
  "version": "1.0.0",
  "lockfileVersion": 1,
  "requires": true,
  "dependencies": {
    "bluebird": {
      "version": "3.5.1",
      "resolved": "https://registry.npmjs.org/bluebird/-/bluebird-3.5.1.tgz",
      "integrity": "sha512-MKiLiV+I1AA596t9w1sQJ8jkiSr5+ZKi0WKrYGUn6d1Fx+Ij4tIj+m2WMQSGczs5jZVxV339chE8iwk6F64wjA=="
    },
    "bson": {
      "version": "1.1.5",
      "resolved": "https://registry.npmjs.org/bson/-/bson-1.1.5.tgz",
      "integrity": "sha512-kDuEzldR21lHciPQAIulLs1LZlCXdLziXI6Mb/TDkwXhb//UORJNPXgcRs2CuO4H0DcMkpfT3/ySsP3unoZjBg=="
    },
    "debug": {
      "version": "3.1.0",
      "resolved": "https://registry.npmjs.org/debug/-/debug-3.1.0.tgz",
      "integrity": "sha512-OX8XqP7/1a9cqkxYw2yXss15f26NKWBpDXQd0/uK/KPqdQhxbPa994hnzjcE2VqQpDslf55723cKPUOGSmMY3g==",
      "requires": {
        "ms": "2.0.0"
      },
      "dependencies": {
        "ms": {
          "version": "2.0.0",
          "resolved": "https://registry.npmjs.org/ms/-/ms-2.0.0.tgz",
          "integrity": "sha1-VgiurfwAvmwpAd9fmGF4jeDVl8g="
        }
      }
    },
    "dotenv": {
      "version": "4.0.0",
      "resolved": "https://registry.npmjs.org/dotenv/-/dotenv-4.0.0.tgz",
      "integrity": "sha1-hk7xN5rO1Vzm+V3r7NzhefegzR0="
    },
    "hapi": {
      "version": "18.1.0",
      "resolved": "https://registry.npmjs.org/hapi/-/hapi-18.1.0.tgz",
      "integrity": "sha512-nSU1VLyTAgp7P5gy47QzJIP2JAb+wOFvJIV3gnL0lFj/mD+HuTXhyUsDYXjF/dhADMVXVEz31z6SUHBJhtsvGA==",
      "requires": {
        "accept": "3.x.x",
        "ammo": "3.x.x",
        "boom": "7.x.x",
        "bounce": "1.x.x",
        "call": "5.x.x",
        "catbox": "10.x.x",
        "catbox-memory": "4.x.x",
        "heavy": "6.x.x",
        "hoek": "6.x.x",
        "joi": "14.x.x",
        "mimos": "4.x.x",
        "podium": "3.x.x",
        "shot": "4.x.x",
        "somever": "2.x.x",
        "statehood": "6.x.x",
        "subtext": "6.x.x",
        "teamwork": "3.x.x",
        "topo": "3.x.x"
      },
      "dependencies": {
        "accept": {
          "version": "3.1.3",
          "resolved": "https://registry.npmjs.org/accept/-/accept-3.1.3.tgz",
          "integrity": "sha512-OgOEAidVEOKPup+Gv2+2wdH2AgVKI9LxsJ4hicdJ6cY0faUuZdZoi56kkXWlHp9qicN1nWQLmW5ZRGk+SBS5xg=="
        },
        "ammo": {
          "version": "3.0.3",
          "resolved": "https://registry.npmjs.org/ammo/-/ammo-3.0.3.tgz",
          "integrity": "sha512-vo76VJ44MkUBZL/BzpGXaKzMfroF4ZR6+haRuw9p+eSWfoNaH2AxVc8xmiEPC08jhzJSeM6w7/iMUGet8b4oBQ=="
        },
        "b64": {
          "version": "4.1.2",
          "resolved": "https://registry.npmjs.org/b64/-/b64-4.1.2.tgz",
          "integrity": "sha512-+GUspBxlH3CJaxMUGUE1EBoWM6RKgWiYwUDal0qdf8m3ArnXNN1KzKVo5HOnE/FSq4HHyWf3TlHLsZI8PKQgrQ=="
        },
        "boom": {
          "version": "7.3.0",
          "resolved": "https://registry.npmjs.org/boom/-/boom-7.3.0.tgz",
          "integrity": "sha512-Swpoyi2t5+GhOEGw8rEsKvTxFLIDiiKoUc2gsoV6Lyr43LHBIzch3k2MvYUs8RTROrIkVJ3Al0TkaOGjnb+B6A=="
        },
        "bounce": {
          "version": "1.2.3",
          "resolved": "https://registry.npmjs.org/bounce/-/bounce-1.2.3.tgz",
          "integrity": "sha512-3G7B8CyBnip5EahCZJjnvQ1HLyArC6P5e+xcolo13BVI9ogFaDOsNMAE7FIWliHtIkYI8/nTRCvCY9tZa3Mu4g=="
        },
        "bourne": {
          "version": "1.1.1",
          "resolved": "https://registry.npmjs.org/bourne/-/bourne-1.1.1.tgz",
          "integrity": "sha512-Ou0l3W8+n1FuTOoIfIrCk9oF9WVWc+9fKoAl67XQr9Ws0z7LgILRZ7qtc9xdT4BveSKtnYXfKPgn8pFAqeQRew=="
        },
        "call": {
          "version": "5.0.3",
          "resolved": "https://registry.npmjs.org/call/-/call-5.0.3.tgz",
          "integrity": "sha512-eX16KHiAYXugbFu6VifstSdwH6aMuWWb4s0qvpq1nR1b+Sf+u68jjttg8ixDBEldPqBi30bDU35OJQWKeTLKxg=="
        },
        "catbox": {
          "version": "10.0.6",
          "resolved": "https://registry.npmjs.org/catbox/-/catbox-10.0.6.tgz",
          "integrity": "sha512-gQWCnF/jbHcfwGbQ4FQxyRiAwLRipqWTTXjpq7rTqqdcsnZosFa0L3LsCZcPTF33QIeMMkS7QmFBHt6QdzGPvg=="
        },
        "catbox-memory": {
          "version": "4.0.1",
          "resolved": "https://registry.npmjs.org/catbox-memory/-/catbox-memory-4.0.1.tgz",
          "integrity": "sha512-ZmqNiLsYCIu9qvBJ/MQbznDV2bFH5gFiH67TgIJgSSffJFtTXArT+MM3AvJQlby9NSkLHOX4eH/uuUqnch/Ldw=="
        },
        "content": {
          "version": "4.0.6",
          "resolved": "https://registry.npmjs.org/content/-/content-4.0.6.tgz",
          "integrity": "sha512-lR9ND3dXiMdmsE84K6l02rMdgiBVmtYWu1Vr/gfSGHcIcznBj2QxmSdUgDuNFOA+G9yrb1IIWkZ7aKtB6hDGyA=="
        },
        "cryptiles": {
          "version": "4.1.3",
          "resolved": "https://registry.npmjs.org/cryptiles/-/cryptiles-4.1.3.tgz",
          "integrity": "sha512-gT9nyTMSUC1JnziQpPbxKGBbUg8VL7Zn2NB4E1cJYvuXdElHrwxrV9bmltZGDzet45zSDGyYceueke1TjynGzw=="
        },
        "heavy": {
          "version": "6.1.2",
          "resolved": "https://registry.npmjs.org/heavy/-/heavy-6.1.2.tgz",
          "integrity": "sha512-cJp884bqhiebNcEHydW0g6V1MUGYOXRPw9c7MFiHQnuGxtbWuSZpsbojwb2kxb3AA1/Rfs8CNiV9MMOF8pFRDg=="
        },
        "hoek": {
          "version": "6.1.2",
          "resolved": "https://registry.npmjs.org/hoek/-/hoek-6.1.2.tgz",
          "integrity": "sha512-6qhh/wahGYZHFSFw12tBbJw5fsAhhwrrG/y3Cs0YMTv2WzMnL0oLPnQJjv1QJvEfylRSOFuP+xCu+tdx0tD16Q=="
        },
        "iron": {
          "version": "5.0.6",
          "resolved": "https://registry.npmjs.org/iron/-/iron-5.0.6.tgz",
          "integrity": "sha512-zYUMOSkEXGBdwlV/AXF9zJC0aLuTJUKHkGeYS5I2g225M5i6SrxQyGJGhPgOR8BK1omL6N5i6TcwfsXbP8/Exw=="
        },
        "joi": {
          "version": "14.3.1",
          "resolved": "https://registry.npmjs.org/joi/-/joi-14.3.1.tgz",
          "integrity": "sha512-LQDdM+pkOrpAn4Lp+neNIFV3axv1Vna3j38bisbQhETPMANYRbFJFUyOZcOClYvM/hppMhGWuKSFEK9vjrB+bQ=="
        },
        "mime-db": {
          "version": "1.37.0",
          "resolved": "https://registry.npmjs.org/mime-db/-/mime-db-1.37.0.tgz",
          "integrity": "sha512-R3C4db6bgQhlIhPU48fUtdVmKnflq+hRdad7IyKhtFj06VPNVdk2RhiYL3UjQIlso8L+YxAtFkobT0VK+S/ybg=="
        },
        "mimos": {
          "version": "4.0.2",
          "resolved": "https://registry.npmjs.org/mimos/-/mimos-4.0.2.tgz",
          "integrity": "sha512-5XBsDqBqzSN88XPPH/TFpOalWOjHJM5Z2d3AMx/30iq+qXvYKd/8MPhqBwZDOLtoaIWInR3nLzMQcxfGK9djXA=="
        },
        "nigel": {
          "version": "3.0.4",
          "resolved": "https://registry.npmjs.org/nigel/-/nigel-3.0.4.tgz",
          "integrity": "sha512-3SZCCS/duVDGxFpTROHEieC+itDo4UqL9JNUyQJv3rljudQbK6aqus5B4470OxhESPJLN93Qqxg16rH7DUjbfQ=="
        },
        "pez": {
          "version": "4.0.5",
          "resolved": "https://registry.npmjs.org/pez/-/pez-4.0.5.tgz",
          "integrity": "sha512-HvL8uiFIlkXbx/qw4B8jKDCWzo7Pnnd65Uvanf9OOCtb20MRcb9gtTVBf9NCnhETif1/nzbDHIjAWC/sUp7LIQ=="
        },
        "podium": {
          "version": "3.2.0",
          "resolved": "https://registry.npmjs.org/podium/-/podium-3.2.0.tgz",
          "integrity": "sha512-rbwvxwVkI6gRRlxZQ1zUeafrpGxZ7QPHIheinehAvGATvGIPfWRkaTeWedc5P4YjXJXEV8ZbBxPtglNylF9hjw=="
        },
        "shot": {
          "version": "4.0.7",
          "resolved": "https://registry.npmjs.org/shot/-/shot-4.0.7.tgz",
          "integrity": "sha512-RKaKAGKxJ11EjJl0cf2fYVSsd4KB5Cncb9J0v7w+0iIaXpxNqFWTYNDNhBX7f0XSyDrjOH9a4OWZ9Gp/ZML+ew=="
        },
        "somever": {
          "version": "2.0.0",
          "resolved": "https://registry.npmjs.org/somever/-/somever-2.0.0.tgz",
          "integrity": "sha512-9JaIPP+HxwYGqCDqqK3tRaTqdtQHoK6Qy3IrXhIt2q5x8fs8RcfU7BMWlFTCOgFazK8p88zIv1tHQXvAwtXMyw=="
        },
        "statehood": {
          "version": "6.0.9",
          "resolved": "https://registry.npmjs.org/statehood/-/statehood-6.0.9.tgz",
          "integrity": "sha512-jbFg1+MYEqfC7ABAoWZoeF4cQUtp3LUvMDUGExL76cMmleBHG7I6xlZFsE8hRi7nEySIvutHmVlLmBe9+2R5LQ=="
        },
        "subtext": {
          "version": "6.0.12",
          "resolved": "https://registry.npmjs.org/subtext/-/subtext-6.0.12.tgz",
          "integrity": "sha512-yT1wCDWVgqvL9BIkWzWqgj5spUSYo/Enu09iUV8t2ZvHcr2tKGTGg2kc9tUpVEsdhp1ihsZeTAiDqh0TQciTPQ=="
        },
        "teamwork": {
          "version": "3.0.3",
          "resolved": "https://registry.npmjs.org/teamwork/-/teamwork-3.0.3.tgz",
          "integrity": "sha512-OCB56z+G70iA1A1OFoT+51TPzfcgN0ks75uN3yhxA+EU66WTz2BevNDK4YzMqfaL5tuAvxy4iFUn35/u8pxMaQ=="
        },
        "topo": {
          "version": "3.0.3",
          "resolved": "https://registry.npmjs.org/topo/-/topo-3.0.3.tgz",
          "integrity": "sha512-IgpPtvD4kjrJ7CRA3ov2FhWQADwv+Tdqbsf1ZnPUSAtCJ9e1Z44MmoSGDXGk4IppoZA7jd/QRkNddlLJWlUZsQ=="
        },
        "vise": {
          "version": "3.0.2",
          "resolved": "https://registry.npmjs.org/vise/-/vise-3.0.2.tgz",
          "integrity": "sha512-X52VtdRQbSBXdjcazRiY3eRgV3vTQ0B+7Wh8uC9cVv7lKfML5m9+9NHlbcgCY0R9EAqD1v/v7o9mhGh2A3ANFg=="
        },
        "wreck": {
          "version": "14.1.3",
          "resolved": "https://registry.npmjs.org/wreck/-/wreck-14.1.3.tgz",
          "integrity": "sha512-hb/BUtjX3ObbwO3slCOLCenQ4EP8e+n8j6FmTne3VhEFp5XV1faSJojiyxVSvw34vgdeTG5baLTl4NmjwokLlw=="
        }
      }
    },
    "kareem": {
      "version": "2.3.1",
      "resolved": "https://registry.npmjs.org/kareem/-/kareem-2.3.1.tgz",
      "integrity": "sha512-l3hLhffs9zqoDe8zjmb/mAN4B8VT3L56EUvKNqLFVs9YlFA+zx7ke1DO8STAdDyYNkeSo1nKmjuvQeI12So8Xw=="
    },
    "mongodb": {
      "version": "3.3.2",
      "resolved": "https://registry.npmjs.org/mongodb/-/mongodb-3.3.2.tgz",
      "integrity": "sha512-fqJt3iywelk4yKu/lfwQg163Bjpo5zDKhXiohycvon4iQHbrfflSAz9AIlRE6496Pm/dQKQK5bMigdVo2s6gBg==",
      "requires": {
        "bson": "^1.1.1",
        "require_optional": "^1.0.1",
        "safe-buffer": "^5.1.2"
      }
    },
    "mongoose": {
      "version": "5.7.5",
      "resolved": "https://registry.npmjs.org/mongoose/-/mongoose-5.7.5.tgz",
      "integrity": "sha512-BZ4FxtnbTurc/wcm/hLltLdI4IDxo4nsE0D9q58YymTdZwreNzwO62CcjVtaHhmr8HmJtOInp2W/T12FZaMf8g==",
      "requires": {
        "bson": "~1.1.1",
        "kareem": "2.3.1",
        "mongodb": "3.3.2",
        "mongoose-legacy-pluralize": "1.0.2",
        "mpath": "0.6.0",
        "mquery": "3.2.2",
        "ms": "2.1.2",
        "regexp-clone": "1.0.0",
        "safe-buffer": "5.1.2",
        "sift": "7.0.1",
        "sliced": "1.0.1"
      }
    },
    "mongoose-legacy-pluralize": {
      "version": "1.0.2",
      "resolved": "https://registry.npmjs.org/mongoose-legacy-pluralize/-/mongoose-legacy-pluralize-1.0.2.tgz",
      "integrity": "sha512-Yo/7qQU4/EyIS8YDFSeenIvXxZN+ld7YdV9LqFVQJzTLye8unujAWPZ4NWKfFA+RNjh+wvTWKY9Z3E5XM6ZZiQ=="
    },
    "mpath": {
      "version": "0.6.0",
      "resolved": "https://registry.npmjs.org/mpath/-/mpath-0.6.0.tgz",
      "integrity": "sha512-i75qh79MJ5Xo/sbhxrDrPSEG0H/mr1kcZXJ8dH6URU5jD/knFxCVqVC/gVSW7GIXL/9hHWlT9haLbCXWOll3qw=="
    },
    "mquery": {
      "version": "3.2.2",
      "resolved": "https://registry.npmjs.org/mquery/-/mquery-3.2.2.tgz",
      "integrity": "sha512-XB52992COp0KP230I3qloVUbkLUxJIu328HBP2t2EsxSFtf4W1HPSOBWOXf1bqxK4Xbb66lfMJ+Bpfd9/yZE1Q==",
      "requires": {
        "bluebird": "3.5.1",
        "debug": "3.1.0",
        "regexp-clone": "^1.0.0",
        "safe-buffer": "5.1.2",
        "sliced": "1.0.1"
      }
    },
    "ms": {
      "version": "2.1.2",
      "resolved": "https://registry.npmjs.org/ms/-/ms-2.1.2.tgz",
      "integrity": "sha512-sGkPx+VjMtmA6MX27oA4FBFELFCZZ4S4XqeGOXCv68tT+jb3vk/RyaKWP0PTKyWtmLSM0b+adUTEvbs1PEaH2w=="
    },
    "regexp-clone": {
      "version": "1.0.0",
      "resolved": "https://registry.npmjs.org/regexp-clone/-/regexp-clone-1.0.0.tgz",
      "integrity": "sha512-TuAasHQNamyyJ2hb97IuBEif4qBHGjPHBS64sZwytpLEqtBQ1gPJTnOaQ6qmpET16cK14kkjbazl6+p0RRv0yw=="
    },
    "require_optional": {
      "version": "1.0.1",
      "resolved": "https://registry.npmjs.org/require_optional/-/require_optional-1.0.1.tgz",
      "integrity": "sha512-qhM/y57enGWHAe3v/NcwML6a3/vfESLe/sGM2dII+gEO0BpKRUkWZow/tyloNqJyN6kXSl3RyyM8Ll5D/sJP8g==",
      "requires": {
        "resolve-from": "^2.0.0",
        "semver": "^5.1.0"
      }
    },
    "resolve-from": {
      "version": "2.0.0",
      "resolved": "https://registry.npmjs.org/resolve-from/-/resolve-from-2.0.0.tgz",
      "integrity": "sha1-lICrIOlP+h2egKgEx+oUdhGWa1c="
    },
    "safe-buffer": {
      "version": "5.1.2",
      "resolved": "https://registry.npmjs.org/safe-buffer/-/safe-buffer-5.1.2.tgz",
      "integrity": "sha512-Gd2UZBJDkXlY7GbJxfsE8/nvKkUEU1G38c1siN6QP6a9PT9MmHB8GnpscSmMJSoF8LOIrt8ud/wPtojys4G6+g=="
    },
    "semver": {
      "version": "5.7.1",
      "resolved": "https://registry.npmjs.org/semver/-/semver-5.7.1.tgz",
      "integrity": "sha512-sauaDf/PZdVgrLTNYHRtpXa1iRiKcaebiKQ1BJdpQlWH2lCvexQdX55snPFyK7QzpudqbCI0qXFfOasHdyNDGQ=="
    },
    "sendgrid": {
      "version": "0.3.0-rc.1.8",
      "resolved": "https://registry.npmjs.org/sendgrid/-/sendgrid-0.3.0-rc.1.8.tgz",
      "integrity": "sha1-K4yMni2SbV/hpphDirl2OYGYXuA=",
      "requires": {
        "mime": "1.2.9",
        "nodemailer": "0.4.4",
        "request": "2.22.0",
        "underscore": "1.4.4"
      },
      "dependencies": {
        "mime": {
          "version": "1.2.9",
          "resolved": "https://registry.npmjs.org/mime/-/mime-1.2.9.tgz",
          "integrity": "sha1-AJzUCGe9Nd5SGzuWbwTi+NTRPQk="
        },
        "nodemailer": {
          "version": "0.4.4",
          "resolved": "https://registry.npmjs.org/nodemailer/-/nodemailer-0.4.4.tgz",
          "integrity": "sha1-z8sMFE903PSrM3hQINggdv+5BXI=",
          "requires": {
            "mailcomposer": "0.1.34",
            "simplesmtp": "0.3.4"
          },
          "dependencies": {
            "mailcomposer": {
              "version": "0.1.34",
              "resolved": "https://registry.npmjs.org/mailcomposer/-/mailcomposer-0.1.34.tgz",
              "integrity": "sha1-a9X6QrVAR4kNKuMhiImuxvJOxQA=",
              "requires": {
                "mime": "1.2.9",
                "mimelib": "0.2.12"
              },
              "dependencies": {
                "mimelib": {
                  "version": "0.2.12",
                  "resolved": "https://registry.npmjs.org/mimelib/-/mimelib-0.2.12.tgz",
                  "integrity": "sha1-Xcu5nHNp5dYtfhLnH6M0F5rr10g=",
                  "requires": {
                    "addressparser": "0.1.3",
                    "encoding": "0.1.6"
                  },
                  "dependencies": {
                    "addressparser": {
                      "version": "0.1.3",
                      "resolved": "https://registry.npmjs.org/addressparser/-/addressparser-0.1.3.tgz",
                      "integrity": "sha1-npq0PSV+GueE4d9fWAyfUkD1iHQ="
                    },
                    "encoding": {
                      "version": "0.1.6",
                      "resolved": "https://registry.npmjs.org/encoding/-/encoding-0.1.6.tgz",
                      "integrity": "sha1-/sZrbRxrjMVUqnjAXs41vvEakT8=",
                      "requires": {
                        "iconv-lite": "0.2.7"
                      },
                      "dependencies": {
                        "iconv-lite": {
                          "version": "0.2.7",
                          "resolved": "https://registry.npmjs.org/iconv-lite/-/iconv-lite-0.2.7.tgz",
                          "integrity": "sha1-Rb4jkNJ69LdhOqxO5NlX4/TL21Q="
                        }
                      }
                    }
                  }
                }
              }
            },
            "simplesmtp": {
              "version": "0.3.4",
              "resolved": "https://registry.npmjs.org/simplesmtp/-/simplesmtp-0.3.4.tgz",
              "integrity": "sha1-/ov+Y8L5bgu+VL03Og3A0JtZQTM=",
              "requires": {
                "rai": "0.1.7",
                "xoauth2": "0.1.8"
              },
              "dependencies": {
                "rai": {
                  "version": "0.1.7",
                  "resolved": "https://registry.npmjs.org/rai/-/rai-0.1.7.tgz",
                  "integrity": "sha1-G1Dx3LSkk6Z+96CoxyFn14nfUqA="
                },
                "xoauth2": {
                  "version": "0.1.8",
                  "resolved": "https://registry.npmjs.org/xoauth2/-/xoauth2-0.1.8.tgz",
                  "integrity": "sha1-uRb/EOz7VDIPFvJKPpdRIGU6sNI="
                }
              }
            }
          }
        },
        "request": {
          "version": "2.22.0",
          "resolved": "https://registry.npmjs.org/request/-/request-2.22.0.tgz",
          "integrity": "sha1-uIOnacxKkJVx61AEs0TEPPflFZI=",
          "requires": {
            "aws-sign": "0.3.0",
            "cookie-jar": "0.3.0",
            "forever-agent": "0.5.0",
            "form-data": "0.0.8",
            "hawk": "0.13.1",
            "http-signature": "0.10.0",
            "json-stringify-safe": "4.0.0",
            "mime": "1.2.9",
            "node-uuid": "1.4.0",
            "oauth-sign": "0.3.0",
            "qs": "0.6.5",
            "tunnel-agent": "0.3.0"
          },
          "dependencies": {
            "aws-sign": {
              "version": "0.3.0",
              "resolved": "https://registry.npmjs.org/aws-sign/-/aws-sign-0.3.0.tgz",
              "integrity": "sha1-PYHKabR0seFlGHKLUcJP8Lvtxuk="
            },
            "cookie-jar": {
              "version": "0.3.0",
              "resolved": "https://registry.npmjs.org/cookie-jar/-/cookie-jar-0.3.0.tgz",
              "integrity": "sha1-vJon1OK5fhhs1XyeIGPLmfpozMw="
            },
            "forever-agent": {
              "version": "0.5.0",
              "resolved": "https://registry.npmjs.org/forever-agent/-/forever-agent-0.5.0.tgz",
              "integrity": "sha1-DBZHp0868S12oHqZSQrefHJJyPA="
            },
            "form-data": {
              "version": "0.0.8",
              "resolved": "https://registry.npmjs.org/form-data/-/form-data-0.0.8.tgz",
              "integrity": "sha1-CJDNEAXFzOzAudJKiAUskkQtDbU=",
              "requires": {
                "async": "0.2.9",
                "combined-stream": "0.0.4",
                "mime": "1.2.9"
              },
              "dependencies": {
                "async": {
                  "version": "0.2.9",
                  "resolved": "https://registry.npmjs.org/async/-/async-0.2.9.tgz",
                  "integrity": "sha1-32MGD789Myhqdqr21Vophtn/hhk="
                },
                "combined-stream": {
                  "version": "0.0.4",
                  "resolved": "https://registry.npmjs.org/combined-stream/-/combined-stream-0.0.4.tgz",
                  "integrity": "sha1-LRpDNH2+lRWkonlnMuW4hHOECyI=",
                  "requires": {
                    "delayed-stream": "0.0.5"
                  },
                  "dependencies": {
                    "delayed-stream": {
                      "version": "0.0.5",
                      "resolved": "https://registry.npmjs.org/delayed-stream/-/delayed-stream-0.0.5.tgz",
                      "integrity": "sha1-1LH0OpPoKW3+AmlPRoC8N6MTxz8="
                    }
                  }
                }
              }
            },
            "hawk": {
              "version": "0.13.1",
              "resolved": "https://registry.npmjs.org/hawk/-/hawk-0.13.1.tgz",
              "integrity": "sha1-NheViCH1gxHk1/beKR/KZitBLvQ=",
              "requires": {
                "boom": "0.4.2",
                "cryptiles": "0.2.2",
                "hoek": "0.8.5",
                "sntp": "0.2.4"
              },
              "dependencies": {
                "boom": {
                  "version": "0.4.2",
                  "resolved": "https://registry.npmjs.org/boom/-/boom-0.4.2.tgz",
                  "integrity": "sha1-emNune1O/O+xnO9JR6PGffrukRs=",
                  "requires": {
                    "hoek": "0.9.1"
                  },
                  "dependencies": {
                    "hoek": {
                      "version": "0.9.1",
                      "resolved": "https://registry.npmjs.org/hoek/-/hoek-0.9.1.tgz",
                      "integrity": "sha1-PTIkYrrfB3Fup+uFuviAec3c5QU="
                    }
                  }
                },
                "cryptiles": {
                  "version": "0.2.2",
                  "resolved": "https://registry.npmjs.org/cryptiles/-/cryptiles-0.2.2.tgz",
                  "integrity": "sha1-7ZH/HxetE9N0gohZT4pIoNJvMlw=",
                  "requires": {
                    "boom": "0.4.2"
                  }
                },
                "hoek": {
                  "version": "0.8.5",
                  "resolved": "https://registry.npmjs.org/hoek/-/hoek-0.8.5.tgz",
                  "integrity": "sha1-Hp/XcO9+vgJ0rfy1sIBqAlpeTp8="
                },
                "sntp": {
                  "version": "0.2.4",
                  "resolved": "https://registry.npmjs.org/sntp/-/sntp-0.2.4.tgz",
                  "integrity": "sha1-+4hfGLDzqtGJ+CSGJTa87ux1CQA=",
                  "requires": {
                    "hoek": "0.9.1"
                  },
                  "dependencies": {
                    "hoek": {
                      "version": "0.9.1",
                      "resolved": "https://registry.npmjs.org/hoek/-/hoek-0.9.1.tgz",
                      "integrity": "sha1-PTIkYrrfB3Fup+uFuviAec3c5QU="
                    }
                  }
                }
              }
            },
            "http-signature": {
              "version": "0.10.0",
              "resolved": "https://registry.npmjs.org/http-signature/-/http-signature-0.10.0.tgz",
              "integrity": "sha1-FJTk9QAKg8DxG8wS1gB8Uwy5lYI=",
              "requires": {
                "asn1": "0.1.11",
                "assert-plus": "0.1.2",
                "ctype": "0.5.2"
              },
              "dependencies": {
                "asn1": {
                  "version": "0.1.11",
                  "resolved": "https://registry.npmjs.org/asn1/-/asn1-0.1.11.tgz",
                  "integrity": "sha1-VZvhg3bQik7E2+gId9J4GGObLfc="
                },
                "assert-plus": {
                  "version": "0.1.2",
                  "resolved": "https://registry.npmjs.org/assert-plus/-/assert-plus-0.1.2.tgz",
                  "integrity": "sha1-2T/9u2esVQd3m+MWp9ZRRkF77vg="
                },
                "ctype": {
                  "version": "0.5.2",
                  "resolved": "https://registry.npmjs.org/ctype/-/ctype-0.5.2.tgz",
                  "integrity": "sha1-/oCR1Gijc6Cwyf+Lv7NCXACXOh0="
                }
              }
            },
            "json-stringify-safe": {
              "version": "4.0.0",
              "resolved": "https://registry.npmjs.org/json-stringify-safe/-/json-stringify-safe-4.0.0.tgz",
              "integrity": "sha1-d8JxqupUMC5o7+rMtWq78GqbGlQ="
            },
            "node-uuid": {
              "version": "1.4.0",
              "resolved": "https://registry.npmjs.org/node-uuid/-/node-uuid-1.4.0.tgz",
              "integrity": "sha1-B/myM3Vy/2J1x3Xh1IUT86RdemU="
            },
            "oauth-sign": {
              "version": "0.3.0",
              "resolved": "https://registry.npmjs.org/oauth-sign/-/oauth-sign-0.3.0.tgz",
              "integrity": "sha1-y1QPk7srIqfVlBaRoojWDo6pOG4="
            },
            "qs": {
              "version": "0.6.5",
              "resolved": "https://registry.npmjs.org/qs/-/qs-0.6.5.tgz",
              "integrity": "sha1-KUsmjksNQlD23eGbO4s0k13/FO8="
            },
            "tunnel-agent": {
              "version": "0.3.0",
              "resolved": "https://registry.npmjs.org/tunnel-agent/-/tunnel-agent-0.3.0.tgz",
              "integrity": "sha1-rWgbaPUyGtKCfEz7G31d8s/pQu4="
            }
          }
        },
        "underscore": {
          "version": "1.4.4",
          "resolved": "https://registry.npmjs.org/underscore/-/underscore-1.4.4.tgz",
          "integrity": "sha1-YaajIBBiKvoHljvzJSA88SI51gQ="
        }
      }
    },
    "sift": {
      "version": "7.0.1",
      "resolved": "https://registry.npmjs.org/sift/-/sift-7.0.1.tgz",
      "integrity": "sha512-oqD7PMJ+uO6jV9EQCl0LrRw1OwsiPsiFQR5AR30heR+4Dl7jBBbDLnNvWiak20tzZlSE1H7RB30SX/1j/YYT7g=="
    },
    "sliced": {
      "version": "1.0.1",
      "resolved": "https://registry.npmjs.org/sliced/-/sliced-1.0.1.tgz",
      "integrity": "sha1-CzpmK10Ewxd7GSa+qCsD+Dei70E="
    }
  }
}
